{
  "name": "foundry-template",
  "version": "0.1.0",
  "lockfileVersion": 3,
  "requires": true,
  "packages": {
    "": {
      "name": "foundry-template",
      "version": "0.1.0",
      "dependencies": {
        "forge-std": "github:foundry-rs/forge-std"
      }
    },
    "node_modules/forge-std": {
      "version": "1.7.6",
      "resolved": "git+ssh://git@github.com/foundry-rs/forge-std.git#1d0766bc5d814f117c7b1e643828f7d85024fb51"
    }
  }
}
