{
  "name": "replay-transactions",
  "version": "0.0.1",
  "lockfileVersion": 3,
  "requires": true,
  "packages": {
    "": {
      "name": "replay-transactions",
      "version": "0.0.1",
      "dependencies": {
        "forge-std": "github:foundry-rs/forge-std"
      }
    },
    "node_modules/forge-std": {
      "version": "1.9.7",
      "resolved": "git+ssh://git@github.com/foundry-rs/forge-std.git#60acb7aaadcce2d68e52986a0a66fe79f07d138f",
      "license": "(Apache-2.0 OR MIT)"
    }
  }
}
